// !$*UTF8*$!
{
	archiveVersion = 1;
	classes = {
	};
	objectVersion = 77;
	objects = {

/* Begin PBXBuildFile section */
		09B9B9CB62BF2C6DF9EAC9EB /* Pods_myDemo.framework in Frameworks */ = {isa = PBXBuildFile; fileRef = E6CFCB66A02A00D0FB7E133B /* Pods_myDemo.framework */; };
		364F23742890CC4D4E9BF237 /* Pods_myDemoTests.framework in Frameworks */ = {isa = PBXBuildFile; fileRef = 805055401880DBE35CC755E1 /* Pods_myDemoTests.framework */; };
		F8558308C5B5B5F957D2661D /* Pods_myDemo_myDemoUITests.framework in Frameworks */ = {isa = PBXBuildFile; fileRef = 7237D8328FAD845E5129914D /* Pods_myDemo_myDemoUITests.framework */; };
/* End PBXBuildFile section */

/* Begin PBXContainerItemProxy section */
		2C4183472DDB37A000418198 /* PBXContainerItemProxy */ = {
			isa = PBXContainerItemProxy;
			containerPortal = 2C4183202DDB379E00418198 /* Project object */;
			proxyType = 1;
			remoteGlobalIDString = 2C4183272DDB379E00418198;
			remoteInfo = myDemo;
		};
		2C4183512DDB37A000418198 /* PBXContainerItemProxy */ = {
			isa = PBXContainerItemProxy;
			containerPortal = 2C4183202DDB379E00418198 /* Project object */;
			proxyType = 1;
			remoteGlobalIDString = 2C4183272DDB379E00418198;
			remoteInfo = myDemo;
		};
/* End PBXContainerItemProxy section */

/* Begin PBXFileReference section */
		2609BC20261087EDD96E13E1 /* Pods-myDemo-myDemoUITests.debug.xcconfig */ = {isa = PBXFileReference; includeInIndex = 1; lastKnownFileType = text.xcconfig; name = "Pods-myDemo-myDemoUITests.debug.xcconfig"; path = "Target Support Files/Pods-myDemo-myDemoUITests/Pods-myDemo-myDemoUITests.debug.xcconfig"; sourceTree = "<group>"; };
		2AC58E7F930074FDC95D53E7 /* Pods-myDemo.release.xcconfig */ = {isa = PBXFileReference; includeInIndex = 1; lastKnownFileType = text.xcconfig; name = "Pods-myDemo.release.xcconfig"; path = "Target Support Files/Pods-myDemo/Pods-myDemo.release.xcconfig"; sourceTree = "<group>"; };
		2C4183282DDB379E00418198 /* myDemo.app */ = {isa = PBXFileReference; explicitFileType = wrapper.application; includeInIndex = 0; path = myDemo.app; sourceTree = BUILT_PRODUCTS_DIR; };
		2C4183462DDB37A000418198 /* myDemoTests.xctest */ = {isa = PBXFileReference; explicitFileType = wrapper.cfbundle; includeInIndex = 0; path = myDemoTests.xctest; sourceTree = BUILT_PRODUCTS_DIR; };
		2C4183502DDB37A000418198 /* myDemoUITests.xctest */ = {isa = PBXFileReference; explicitFileType = wrapper.cfbundle; includeInIndex = 0; path = myDemoUITests.xctest; sourceTree = BUILT_PRODUCTS_DIR; };
		31C836BE22E253160502A798 /* Pods-myDemoTests.release.xcconfig */ = {isa = PBXFileReference; includeInIndex = 1; lastKnownFileType = text.xcconfig; name = "Pods-myDemoTests.release.xcconfig"; path = "Target Support Files/Pods-myDemoTests/Pods-myDemoTests.release.xcconfig"; sourceTree = "<group>"; };
		65A901912613596FA96F2BBC /* Pods-myDemoTests.debug.xcconfig */ = {isa = PBXFileReference; includeInIndex = 1; lastKnownFileType = text.xcconfig; name = "Pods-myDemoTests.debug.xcconfig"; path = "Target Support Files/Pods-myDemoTests/Pods-myDemoTests.debug.xcconfig"; sourceTree = "<group>"; };
		7237D8328FAD845E5129914D /* Pods_myDemo_myDemoUITests.framework */ = {isa = PBXFileReference; explicitFileType = wrapper.framework; includeInIndex = 0; path = Pods_myDemo_myDemoUITests.framework; sourceTree = BUILT_PRODUCTS_DIR; };
		805055401880DBE35CC755E1 /* Pods_myDemoTests.framework */ = {isa = PBXFileReference; explicitFileType = wrapper.framework; includeInIndex = 0; path = Pods_myDemoTests.framework; sourceTree = BUILT_PRODUCTS_DIR; };
		AB21780A81CD2EC88723CB8D /* Pods-myDemo-myDemoUITests.release.xcconfig */ = {isa = PBXFileReference; includeInIndex = 1; lastKnownFileType = text.xcconfig; name = "Pods-myDemo-myDemoUITests.release.xcconfig"; path = "Target Support Files/Pods-myDemo-myDemoUITests/Pods-myDemo-myDemoUITests.release.xcconfig"; sourceTree = "<group>"; };
		E6CFCB66A02A00D0FB7E133B /* Pods_myDemo.framework */ = {isa = PBXFileReference; explicitFileType = wrapper.framework; includeInIndex = 0; path = Pods_myDemo.framework; sourceTree = BUILT_PRODUCTS_DIR; };
		F807203F840F8A1708C96826 /* Pods-myDemo.debug.xcconfig */ = {isa = PBXFileReference; includeInIndex = 1; lastKnownFileType = text.xcconfig; name = "Pods-myDemo.debug.xcconfig"; path = "Target Support Files/Pods-myDemo/Pods-myDemo.debug.xcconfig"; sourceTree = "<group>"; };
/* End PBXFileReference section */

/* Begin PBXFileSystemSynchronizedBuildFileExceptionSet section */
		2C4183582DDB37A000418198 /* Exceptions for "myDemo" folder in "myDemo" target */ = {
			isa = PBXFileSystemSynchronizedBuildFileExceptionSet;
			membershipExceptions = (
				Info.plist,
			);
			target = 2C4183272DDB379E00418198 /* myDemo */;
		};
/* End PBXFileSystemSynchronizedBuildFileExceptionSet section */

/* Begin PBXFileSystemSynchronizedRootGroup section */
		2C41832A2DDB379E00418198 /* myDemo */ = {
			isa = PBXFileSystemSynchronizedRootGroup;
			exceptions = (
				2C4183582DDB37A000418198 /* Exceptions for "myDemo" folder in "myDemo" target */,
			);
			path = myDemo;
			sourceTree = "<group>";
		};
		2C4183492DDB37A000418198 /* myDemoTests */ = {
			isa = PBXFileSystemSynchronizedRootGroup;
			path = myDemoTests;
			sourceTree = "<group>";
		};
		2C4183532DDB37A000418198 /* myDemoUITests */ = {
			isa = PBXFileSystemSynchronizedRootGroup;
			path = myDemoUITests;
			sourceTree = "<group>";
		};
/* End PBXFileSystemSynchronizedRootGroup section */

/* Begin PBXFrameworksBuildPhase section */
		2C4183252DDB379E00418198 /* Frameworks */ = {
			isa = PBXFrameworksBuildPhase;
			buildActionMask = 2147483647;
			files = (
				09B9B9CB62BF2C6DF9EAC9EB /* Pods_myDemo.framework in Frameworks */,
			);
			runOnlyForDeploymentPostprocessing = 0;
		};
		2C4183432DDB37A000418198 /* Frameworks */ = {
			isa = PBXFrameworksBuildPhase;
			buildActionMask = 2147483647;
			files = (
				364F23742890CC4D4E9BF237 /* Pods_myDemoTests.framework in Frameworks */,
			);
			runOnlyForDeploymentPostprocessing = 0;
		};
		2C41834D2DDB37A000418198 /* Frameworks */ = {
			isa = PBXFrameworksBuildPhase;
			buildActionMask = 2147483647;
			files = (
				F8558308C5B5B5F957D2661D /* Pods_myDemo_myDemoUITests.framework in Frameworks */,
			);
			runOnlyForDeploymentPostprocessing = 0;
		};
/* End PBXFrameworksBuildPhase section */

/* Begin PBXGroup section */
		2C41831F2DDB379E00418198 = {
			isa = PBXGroup;
			children = (
				2C41832A2DDB379E00418198 /* myDemo */,
				2C4183492DDB37A000418198 /* myDemoTests */,
				2C4183532DDB37A000418198 /* myDemoUITests */,
				2C4183292DDB379E00418198 /* Products */,
				B385663C7CC0997B5F7F7DCC /* Pods */,
				5966962256720C85179FBDCF /* Frameworks */,
			);
			sourceTree = "<group>";
		};
		2C4183292DDB379E00418198 /* Products */ = {
			isa = PBXGroup;
			children = (
				2C4183282DDB379E00418198 /* myDemo.app */,
				2C4183462DDB37A000418198 /* myDemoTests.xctest */,
				2C4183502DDB37A000418198 /* myDemoUITests.xctest */,
			);
			name = Products;
			sourceTree = "<group>";
		};
		5966962256720C85179FBDCF /* Frameworks */ = {
			isa = PBXGroup;
			children = (
				E6CFCB66A02A00D0FB7E133B /* Pods_myDemo.framework */,
				7237D8328FAD845E5129914D /* Pods_myDemo_myDemoUITests.framework */,
				805055401880DBE35CC755E1 /* Pods_myDemoTests.framework */,
			);
			name = Frameworks;
			sourceTree = "<group>";
		};
		B385663C7CC0997B5F7F7DCC /* Pods */ = {
			isa = PBXGroup;
			children = (
				F807203F840F8A1708C96826 /* Pods-myDemo.debug.xcconfig */,
				2AC58E7F930074FDC95D53E7 /* Pods-myDemo.release.xcconfig */,
				2609BC20261087EDD96E13E1 /* Pods-myDemo-myDemoUITests.debug.xcconfig */,
				AB21780A81CD2EC88723CB8D /* Pods-myDemo-myDemoUITests.release.xcconfig */,
				65A901912613596FA96F2BBC /* Pods-myDemoTests.debug.xcconfig */,
				31C836BE22E253160502A798 /* Pods-myDemoTests.release.xcconfig */,
			);
			path = Pods;
			sourceTree = "<group>";
		};
/* End PBXGroup section */

/* Begin PBXNativeTarget section */
		2C4183272DDB379E00418198 /* myDemo */ = {
			isa = PBXNativeTarget;
			buildConfigurationList = 2C4183592DDB37A000418198 /* Build configuration list for PBXNativeTarget "myDemo" */;
			buildPhases = (
				05CB7097BB34D5DC11B313C5 /* [CP] Check Pods Manifest.lock */,
				2C4183242DDB379E00418198 /* Sources */,
				2C4183252DDB379E00418198 /* Frameworks */,
				2C4183262DDB379E00418198 /* Resources */,
				8CF7B8305E3B30D2FBCD382A /* [CP] Embed Pods Frameworks */,
			);
			buildRules = (
			);
			dependencies = (
			);
			fileSystemSynchronizedGroups = (
				2C41832A2DDB379E00418198 /* myDemo */,
			);
			name = myDemo;
			productName = myDemo;
			productReference = 2C4183282DDB379E00418198 /* myDemo.app */;
			productType = "com.apple.product-type.application";
		};
		2C4183452DDB37A000418198 /* myDemoTests */ = {
			isa = PBXNativeTarget;
			buildConfigurationList = 2C41835E2DDB37A000418198 /* Build configuration list for PBXNativeTarget "myDemoTests" */;
			buildPhases = (
				24F043C81567C72F69DD5C5C /* [CP] Check Pods Manifest.lock */,
				2C4183422DDB37A000418198 /* Sources */,
				2C4183432DDB37A000418198 /* Frameworks */,
				2C4183442DDB37A000418198 /* Resources */,
			);
			buildRules = (
			);
			dependencies = (
				2C4183482DDB37A000418198 /* PBXTargetDependency */,
			);
			fileSystemSynchronizedGroups = (
				2C4183492DDB37A000418198 /* myDemoTests */,
			);
			name = myDemoTests;
			productName = myDemoTests;
			productReference = 2C4183462DDB37A000418198 /* myDemoTests.xctest */;
			productType = "com.apple.product-type.bundle.unit-test";
		};
		2C41834F2DDB37A000418198 /* myDemoUITests */ = {
			isa = PBXNativeTarget;
			buildConfigurationList = 2C4183612DDB37A000418198 /* Build configuration list for PBXNativeTarget "myDemoUITests" */;
			buildPhases = (
				95185F97B13E6C77629D2728 /* [CP] Check Pods Manifest.lock */,
				2C41834C2DDB37A000418198 /* Sources */,
				2C41834D2DDB37A000418198 /* Frameworks */,
				2C41834E2DDB37A000418198 /* Resources */,
				5C7149CE0FE156EA2FEA2BF3 /* [CP] Embed Pods Frameworks */,
			);
			buildRules = (
			);
			dependencies = (
				2C4183522DDB37A000418198 /* PBXTargetDependency */,
			);
			fileSystemSynchronizedGroups = (
				2C4183532DDB37A000418198 /* myDemoUITests */,
			);
			name = myDemoUITests;
			productName = myDemoUITests;
			productReference = 2C4183502DDB37A000418198 /* myDemoUITests.xctest */;
			productType = "com.apple.product-type.bundle.ui-testing";
		};
/* End PBXNativeTarget section */

/* Begin PBXProject section */
		2C4183202DDB379E00418198 /* Project object */ = {
			isa = PBXProject;
			attributes = {
				BuildIndependentTargetsInParallel = 1;
				LastUpgradeCheck = 1630;
				TargetAttributes = {
					2C4183272DDB379E00418198 = {
						CreatedOnToolsVersion = 16.3;
					};
					2C4183452DDB37A000418198 = {
						CreatedOnToolsVersion = 16.3;
						TestTargetID = 2C4183272DDB379E00418198;
					};
					2C41834F2DDB37A000418198 = {
						CreatedOnToolsVersion = 16.3;
						TestTargetID = 2C4183272DDB379E00418198;
					};
				};
			};
			buildConfigurationList = 2C4183232DDB379E00418198 /* Build configuration list for PBXProject "myDemo" */;
			developmentRegion = en;
			hasScannedForEncodings = 0;
			knownRegions = (
				en,
				Base,
			);
			mainGroup = 2C41831F2DDB379E00418198;
			minimizedProjectReferenceProxies = 1;
			preferredProjectObjectVersion = 77;
			productRefGroup = 2C4183292DDB379E00418198 /* Products */;
			projectDirPath = "";
			projectRoot = "";
			targets = (
				2C4183272DDB379E00418198 /* myDemo */,
				2C4183452DDB37A000418198 /* myDemoTests */,
				2C41834F2DDB37A000418198 /* myDemoUITests */,
			);
		};
/* End PBXProject section */

/* Begin PBXResourcesBuildPhase section */
		2C4183262DDB379E00418198 /* Resources */ = {
			isa = PBXResourcesBuildPhase;
			buildActionMask = 2147483647;
			files = (
			);
			runOnlyForDeploymentPostprocessing = 0;
		};
		2C4183442DDB37A000418198 /* Resources */ = {
			isa = PBXResourcesBuildPhase;
			buildActionMask = 2147483647;
			files = (
			);
			runOnlyForDeploymentPostprocessing = 0;
		};
		2C41834E2DDB37A000418198 /* Resources */ = {
			isa = PBXResourcesBuildPhase;
			buildActionMask = 2147483647;
			files = (
			);
			runOnlyForDeploymentPostprocessing = 0;
		};
/* End PBXResourcesBuildPhase section */

/* Begin PBXShellScriptBuildPhase section */
		05CB7097BB34D5DC11B313C5 /* [CP] Check Pods Manifest.lock */ = {
			isa = PBXShellScriptBuildPhase;
			buildActionMask = 2147483647;
			files = (
			);
			inputFileListPaths = (
			);
			inputPaths = (
				"${PODS_PODFILE_DIR_PATH}/Podfile.lock",
				"${PODS_ROOT}/Manifest.lock",
			);
			name = "[CP] Check Pods Manifest.lock";
			outputFileListPaths = (
			);
			outputPaths = (
				"$(DERIVED_FILE_DIR)/Pods-myDemo-checkManifestLockResult.txt",
			);
			runOnlyForDeploymentPostprocessing = 0;
			shellPath = /bin/sh;
			shellScript = "diff \"${PODS_PODFILE_DIR_PATH}/Podfile.lock\" \"${PODS_ROOT}/Manifest.lock\" > /dev/null\nif [ $? != 0 ] ; then\n    # print error to STDERR\n    echo \"error: The sandbox is not in sync with the Podfile.lock. Run 'pod install' or update your CocoaPods installation.\" >&2\n    exit 1\nfi\n# This output is used by Xcode 'outputs' to avoid re-running this script phase.\necho \"SUCCESS\" > \"${SCRIPT_OUTPUT_FILE_0}\"\n";
			showEnvVarsInLog = 0;
		};
		24F043C81567C72F69DD5C5C /* [CP] Check Pods Manifest.lock */ = {
			isa = PBXShellScriptBuildPhase;
			buildActionMask = 2147483647;
			files = (
			);
			inputFileListPaths = (
			);
			inputPaths = (
				"${PODS_PODFILE_DIR_PATH}/Podfile.lock",
				"${PODS_ROOT}/Manifest.lock",
			);
			name = "[CP] Check Pods Manifest.lock";
			outputFileListPaths = (
			);
			outputPaths = (
				"$(DERIVED_FILE_DIR)/Pods-myDemoTests-checkManifestLockResult.txt",
			);
			runOnlyForDeploymentPostprocessing = 0;
			shellPath = /bin/sh;
			shellScript = "diff \"${PODS_PODFILE_DIR_PATH}/Podfile.lock\" \"${PODS_ROOT}/Manifest.lock\" > /dev/null\nif [ $? != 0 ] ; then\n    # print error to STDERR\n    echo \"error: The sandbox is not in sync with the Podfile.lock. Run 'pod install' or update your CocoaPods installation.\" >&2\n    exit 1\nfi\n# This output is used by Xcode 'outputs' to avoid re-running this script phase.\necho \"SUCCESS\" > \"${SCRIPT_OUTPUT_FILE_0}\"\n";
			showEnvVarsInLog = 0;
		};
		5C7149CE0FE156EA2FEA2BF3 /* [CP] Embed Pods Frameworks */ = {
			isa = PBXShellScriptBuildPhase;
			buildActionMask = 2147483647;
			files = (
			);
			inputFileListPaths = (
				"${PODS_ROOT}/Target Support Files/Pods-myDemo-myDemoUITests/Pods-myDemo-myDemoUITests-frameworks-${CONFIGURATION}-input-files.xcfilelist",
			);
			inputPaths = (
			);
			name = "[CP] Embed Pods Frameworks";
			outputFileListPaths = (
				"${PODS_ROOT}/Target Support Files/Pods-myDemo-myDemoUITests/Pods-myDemo-myDemoUITests-frameworks-${CONFIGURATION}-output-files.xcfilelist",
			);
			outputPaths = (
			);
			runOnlyForDeploymentPostprocessing = 0;
			shellPath = /bin/sh;
			shellScript = "\"${PODS_ROOT}/Target Support Files/Pods-myDemo-myDemoUITests/Pods-myDemo-myDemoUITests-frameworks.sh\"\n";
			showEnvVarsInLog = 0;
		};
		8CF7B8305E3B30D2FBCD382A /* [CP] Embed Pods Frameworks */ = {
			isa = PBXShellScriptBuildPhase;
			buildActionMask = 2147483647;
			files = (
			);
			inputFileListPaths = (
				"${PODS_ROOT}/Target Support Files/Pods-myDemo/Pods-myDemo-frameworks-${CONFIGURATION}-input-files.xcfilelist",
			);
			inputPaths = (
			);
			name = "[CP] Embed Pods Frameworks";
			outputFileListPaths = (
				"${PODS_ROOT}/Target Support Files/Pods-myDemo/Pods-myDemo-frameworks-${CONFIGURATION}-output-files.xcfilelist",
			);
			outputPaths = (
			);
			runOnlyForDeploymentPostprocessing = 0;
			shellPath = /bin/sh;
			shellScript = "\"${PODS_ROOT}/Target Support Files/Pods-myDemo/Pods-myDemo-frameworks.sh\"\n";
			showEnvVarsInLog = 0;
		};
		95185F97B13E6C77629D2728 /* [CP] Check Pods Manifest.lock */ = {
			isa = PBXShellScriptBuildPhase;
			buildActionMask = 2147483647;
			files = (
			);
			inputFileListPaths = (
			);
			inputPaths = (
				"${PODS_PODFILE_DIR_PATH}/Podfile.lock",
				"${PODS_ROOT}/Manifest.lock",
			);
			name = "[CP] Check Pods Manifest.lock";
			outputFileListPaths = (
			);
			outputPaths = (
				"$(DERIVED_FILE_DIR)/Pods-myDemo-myDemoUITests-checkManifestLockResult.txt",
			);
			runOnlyForDeploymentPostprocessing = 0;
			shellPath = /bin/sh;
			shellScript = "diff \"${PODS_PODFILE_DIR_PATH}/Podfile.lock\" \"${PODS_ROOT}/Manifest.lock\" > /dev/null\nif [ $? != 0 ] ; then\n    # print error to STDERR\n    echo \"error: The sandbox is not in sync with the Podfile.lock. Run 'pod install' or update your CocoaPods installation.\" >&2\n    exit 1\nfi\n# This output is used by Xcode 'outputs' to avoid re-running this script phase.\necho \"SUCCESS\" > \"${SCRIPT_OUTPUT_FILE_0}\"\n";
			showEnvVarsInLog = 0;
		};
/* End PBXShellScriptBuildPhase section */

/* Begin PBXSourcesBuildPhase section */
		2C4183242DDB379E00418198 /* Sources */ = {
			isa = PBXSourcesBuildPhase;
			buildActionMask = 2147483647;
			files = (
			);
			runOnlyForDeploymentPostprocessing = 0;
		};
		2C4183422DDB37A000418198 /* Sources */ = {
			isa = PBXSourcesBuildPhase;
			buildActionMask = 2147483647;
			files = (
			);
			runOnlyForDeploymentPostprocessing = 0;
		};
		2C41834C2DDB37A000418198 /* Sources */ = {
			isa = PBXSourcesBuildPhase;
			buildActionMask = 2147483647;
			files = (
			);
			runOnlyForDeploymentPostprocessing = 0;
		};
/* End PBXSourcesBuildPhase section */

/* Begin PBXTargetDependency section */
		2C4183482DDB37A000418198 /* PBXTargetDependency */ = {
			isa = PBXTargetDependency;
			target = 2C4183272DDB379E00418198 /* myDemo */;
			targetProxy = 2C4183472DDB37A000418198 /* PBXContainerItemProxy */;
		};
		2C4183522DDB37A000418198 /* PBXTargetDependency */ = {
			isa = PBXTargetDependency;
			target = 2C4183272DDB379E00418198 /* myDemo */;
			targetProxy = 2C4183512DDB37A000418198 /* PBXContainerItemProxy */;
		};
/* End PBXTargetDependency section */

/* Begin XCBuildConfiguration section */
		2C41835A2DDB37A000418198 /* Debug */ = {
			isa = XCBuildConfiguration;
			baseConfigurationReference = F807203F840F8A1708C96826 /* Pods-myDemo.debug.xcconfig */;
			buildSettings = {
				ASSETCATALOG_COMPILER_APPICON_NAME = AppIcon;
				ASSETCATALOG_COMPILER_GLOBAL_ACCENT_COLOR_NAME = AccentColor;
				CODE_SIGN_STYLE = Automatic;
				CURRENT_PROJECT_VERSION = 1;
				DEVELOPMENT_TEAM = 6UPWNA6U93;
				ENABLE_USER_SCRIPT_SANDBOXING = NO;
				GENERATE_INFOPLIST_FILE = YES;
				INFOPLIST_FILE = myDemo/Info.plist;
				INFOPLIST_KEY_UIApplicationSupportsIndirectInputEvents = YES;
				INFOPLIST_KEY_UILaunchStoryboardName = LaunchScreen;
				INFOPLIST_KEY_UIMainStoryboardFile = Main;
				INFOPLIST_KEY_UISupportedInterfaceOrientations_iPad = "UIInterfaceOrientationPortrait UIInterfaceOrientationPortraitUpsideDown UIInterfaceOrientationLandscapeLeft UIInterfaceOrientationLandscapeRight";
				INFOPLIST_KEY_UISupportedInterfaceOrientations_iPhone = "UIInterfaceOrientationPortrait UIInterfaceOrientationLandscapeLeft UIInterfaceOrientationLandscapeRight";
				LD_RUNPATH_SEARCH_PATHS = (
					"$(inherited)",
					"@executable_path/Frameworks",
				);
				MARKETING_VERSION = 1.0;
				PRODUCT_BUNDLE_IDENTIFIER = com.wjz.myDemo;
				PRODUCT_NAME = "$(TARGET_NAME)";
				SWIFT_EMIT_LOC_STRINGS = YES;
				TARGETED_DEVICE_FAMILY = "1,2";
			};
			name = Debug;
		};
		2C41835B2DDB37A000418198 /* Release */ = {
			isa = XCBuildConfiguration;
			baseConfigurationReference = 2AC58E7F930074FDC95D53E7 /* Pods-myDemo.release.xcconfig */;
			buildSettings = {
				ASSETCATALOG_COMPILER_APPICON_NAME = AppIcon;
				ASSETCATALOG_COMPILER_GLOBAL_ACCENT_COLOR_NAME = AccentColor;
				CODE_SIGN_STYLE = Automatic;
				CURRENT_PROJECT_VERSION = 1;
				DEVELOPMENT_TEAM = 6UPWNA6U93;
				ENABLE_USER_SCRIPT_SANDBOXING = NO;
				GENERATE_INFOPLIST_FILE = YES;
				INFOPLIST_FILE = myDemo/Info.plist;
				INFOPLIST_KEY_UIApplicationSupportsIndirectInputEvents = YES;
				INFOPLIST_KEY_UILaunchStoryboardName = LaunchScreen;
				INFOPLIST_KEY_UIMainStoryboardFile = Main;
				INFOPLIST_KEY_UISupportedInterfaceOrientations_iPad = "UIInterfaceOrientationPortrait UIInterfaceOrientationPortraitUpsideDown UIInterfaceOrientationLandscapeLeft UIInterfaceOrientationLandscapeRight";
				INFOPLIST_KEY_UISupportedInterfaceOrientations_iPhone = "UIInterfaceOrientationPortrait UIInterfaceOrientationLandscapeLeft UIInterfaceOrientationLandscapeRight";
				LD_RUNPATH_SEARCH_PATHS = (
					"$(inherited)",
					"@executable_path/Frameworks",
				);
				MARKETING_VERSION = 1.0;
				PRODUCT_BUNDLE_IDENTIFIER = com.wjz.myDemo;
				PRODUCT_NAME = "$(TARGET_NAME)";
				SWIFT_EMIT_LOC_STRINGS = YES;
				TARGETED_DEVICE_FAMILY = "1,2";
			};
			name = Release;
		};
		2C41835C2DDB37A000418198 /* Debug */ = {
			isa = XCBuildConfiguration;
			buildSettings = {
				ALWAYS_SEARCH_USER_PATHS = NO;
				ASSETCATALOG_COMPILER_GENERATE_SWIFT_ASSET_SYMBOL_EXTENSIONS = YES;
				CLANG_ANALYZER_NONNULL = YES;
				CLANG_ANALYZER_NUMBER_OBJECT_CONVERSION = YES_AGGRESSIVE;
				CLANG_CXX_LANGUAGE_STANDARD = "gnu++20";
				CLANG_ENABLE_MODULES = YES;
				CLANG_ENABLE_OBJC_ARC = YES;
				CLANG_ENABLE_OBJC_WEAK = YES;
				CLANG_WARN_BLOCK_CAPTURE_AUTORELEASING = YES;
				CLANG_WARN_BOOL_CONVERSION = YES;
				CLANG_WARN_COMMA = YES;
				CLANG_WARN_CONSTANT_CONVERSION = YES;
				CLANG_WARN_DEPRECATED_OBJC_IMPLEMENTATIONS = YES;
				CLANG_WARN_DIRECT_OBJC_ISA_USAGE = YES_ERROR;
				CLANG_WARN_DOCUMENTATION_COMMENTS = YES;
				CLANG_WARN_EMPTY_BODY = YES;
				CLANG_WARN_ENUM_CONVERSION = YES;
				CLANG_WARN_INFINITE_RECURSION = YES;
				CLANG_WARN_INT_CONVERSION = YES;
				CLANG_WARN_NON_LITERAL_NULL_CONVERSION = YES;
				CLANG_WARN_OBJC_IMPLICIT_RETAIN_SELF = YES;
				CLANG_WARN_OBJC_LITERAL_CONVERSION = YES;
				CLANG_WARN_OBJC_ROOT_CLASS = YES_ERROR;
				CLANG_WARN_QUOTED_INCLUDE_IN_FRAMEWORK_HEADER = YES;
				CLANG_WARN_RANGE_LOOP_ANALYSIS = YES;
				CLANG_WARN_STRICT_PROTOTYPES = YES;
				CLANG_WARN_SUSPICIOUS_MOVE = YES;
				CLANG_WARN_UNGUARDED_AVAILABILITY = YES_AGGRESSIVE;
				CLANG_WARN_UNREACHABLE_CODE = YES;
				CLANG_WARN__DUPLICATE_METHOD_MATCH = YES;
				COPY_PHASE_STRIP = NO;
				DEBUG_INFORMATION_FORMAT = dwarf;
				DEVELOPMENT_TEAM = 6UPWNA6U93;
				ENABLE_STRICT_OBJC_MSGSEND = YES;
				ENABLE_TESTABILITY = YES;
				ENABLE_USER_SCRIPT_SANDBOXING = YES;
				GCC_C_LANGUAGE_STANDARD = gnu17;
				GCC_DYNAMIC_NO_PIC = NO;
				GCC_NO_COMMON_BLOCKS = YES;
				GCC_OPTIMIZATION_LEVEL = 0;
				GCC_PREPROCESSOR_DEFINITIONS = (
					"DEBUG=1",
					"$(inherited)",
				);
				GCC_WARN_64_TO_32_BIT_CONVERSION = YES;
				GCC_WARN_ABOUT_RETURN_TYPE = YES_ERROR;
				GCC_WARN_UNDECLARED_SELECTOR = YES;
				GCC_WARN_UNINITIALIZED_AUTOS = YES_AGGRESSIVE;
				GCC_WARN_UNUSED_FUNCTION = YES;
				GCC_WARN_UNUSED_VARIABLE = YES;
				IPHONEOS_DEPLOYMENT_TARGET = 18.4;
				LOCALIZATION_PREFERS_STRING_CATALOGS = YES;
				MTL_ENABLE_DEBUG_INFO = INCLUDE_SOURCE;
				MTL_FAST_MATH = YES;
				ONLY_ACTIVE_ARCH = YES;
				SDKROOT = iphoneos;
			};
			name = Debug;
		};
		2C41835D2DDB37A000418198 /* Release */ = {
			isa = XCBuildConfiguration;
			buildSettings = {
				ALWAYS_SEARCH_USER_PATHS = NO;
				ASSETCATALOG_COMPILER_GENERATE_SWIFT_ASSET_SYMBOL_EXTENSIONS = YES;
				CLANG_ANALYZER_NONNULL = YES;
				CLANG_ANALYZER_NUMBER_OBJECT_CONVERSION = YES_AGGRESSIVE;
				CLANG_CXX_LANGUAGE_STANDARD = "gnu++20";
				CLANG_ENABLE_MODULES = YES;
				CLANG_ENABLE_OBJC_ARC = YES;
				CLANG_ENABLE_OBJC_WEAK = YES;
				CLANG_WARN_BLOCK_CAPTURE_AUTORELEASING = YES;
				CLANG_WARN_BOOL_CONVERSION = YES;
				CLANG_WARN_COMMA = YES;
				CLANG_WARN_CONSTANT_CONVERSION = YES;
				CLANG_WARN_DEPRECATED_OBJC_IMPLEMENTATIONS = YES;
				CLANG_WARN_DIRECT_OBJC_ISA_USAGE = YES_ERROR;
				CLANG_WARN_DOCUMENTATION_COMMENTS = YES;
				CLANG_WARN_EMPTY_BODY = YES;
				CLANG_WARN_ENUM_CONVERSION = YES;
				CLANG_WARN_INFINITE_RECURSION = YES;
				CLANG_WARN_INT_CONVERSION = YES;
				CLANG_WARN_NON_LITERAL_NULL_CONVERSION = YES;
				CLANG_WARN_OBJC_IMPLICIT_RETAIN_SELF = YES;
				CLANG_WARN_OBJC_LITERAL_CONVERSION = YES;
				CLANG_WARN_OBJC_ROOT_CLASS = YES_ERROR;
				CLANG_WARN_QUOTED_INCLUDE_IN_FRAMEWORK_HEADER = YES;
				CLANG_WARN_RANGE_LOOP_ANALYSIS = YES;
				CLANG_WARN_STRICT_PROTOTYPES = YES;
				CLANG_WARN_SUSPICIOUS_MOVE = YES;
				CLANG_WARN_UNGUARDED_AVAILABILITY = YES_AGGRESSIVE;
				CLANG_WARN_UNREACHABLE_CODE = YES;
				CLANG_WARN__DUPLICATE_METHOD_MATCH = YES;
				COPY_PHASE_STRIP = NO;
				DEBUG_INFORMATION_FORMAT = "dwarf-with-dsym";
				DEVELOPMENT_TEAM = 6UPWNA6U93;
				ENABLE_NS_ASSERTIONS = NO;
				ENABLE_STRICT_OBJC_MSGSEND = YES;
				ENABLE_USER_SCRIPT_SANDBOXING = YES;
				GCC_C_LANGUAGE_STANDARD = gnu17;
				GCC_NO_COMMON_BLOCKS = YES;
				GCC_WARN_64_TO_32_BIT_CONVERSION = YES;
				GCC_WARN_ABOUT_RETURN_TYPE = YES_ERROR;
				GCC_WARN_UNDECLARED_SELECTOR = YES;
				GCC_WARN_UNINITIALIZED_AUTOS = YES_AGGRESSIVE;
				GCC_WARN_UNUSED_FUNCTION = YES;
				GCC_WARN_UNUSED_VARIABLE = YES;
				IPHONEOS_DEPLOYMENT_TARGET = 18.4;
				LOCALIZATION_PREFERS_STRING_CATALOGS = YES;
				MTL_ENABLE_DEBUG_INFO = NO;
				MTL_FAST_MATH = YES;
				SDKROOT = iphoneos;
				VALIDATE_PRODUCT = YES;
			};
			name = Release;
		};
		2C41835F2DDB37A000418198 /* Debug */ = {
			isa = XCBuildConfiguration;
			baseConfigurationReference = 65A901912613596FA96F2BBC /* Pods-myDemoTests.debug.xcconfig */;
			buildSettings = {
				BUNDLE_LOADER = "$(TEST_HOST)";
				CODE_SIGN_STYLE = Automatic;
				CURRENT_PROJECT_VERSION = 1;
				DEVELOPMENT_TEAM = 6UPWNA6U93;
				GENERATE_INFOPLIST_FILE = YES;
				IPHONEOS_DEPLOYMENT_TARGET = 18.4;
				MARKETING_VERSION = 1.0;
				PRODUCT_BUNDLE_IDENTIFIER = com.wjz.myDemoTests;
				PRODUCT_NAME = "$(TARGET_NAME)";
				SWIFT_EMIT_LOC_STRINGS = NO;
				TARGETED_DEVICE_FAMILY = "1,2";
				TEST_HOST = "$(BUILT_PRODUCTS_DIR)/myDemo.app/$(BUNDLE_EXECUTABLE_FOLDER_PATH)/myDemo";
			};
			name = Debug;
		};
		2C4183602DDB37A000418198 /* Release */ = {
			isa = XCBuildConfiguration;
			baseConfigurationReference = 31C836BE22E253160502A798 /* Pods-myDemoTests.release.xcconfig */;
			buildSettings = {
				BUNDLE_LOADER = "$(TEST_HOST)";
				CODE_SIGN_STYLE = Automatic;
				CURRENT_PROJECT_VERSION = 1;
				DEVELOPMENT_TEAM = 6UPWNA6U93;
				GENERATE_INFOPLIST_FILE = YES;
				IPHONEOS_DEPLOYMENT_TARGET = 18.4;
				MARKETING_VERSION = 1.0;
				PRODUCT_BUNDLE_IDENTIFIER = com.wjz.myDemoTests;
				PRODUCT_NAME = "$(TARGET_NAME)";
				SWIFT_EMIT_LOC_STRINGS = NO;
				TARGETED_DEVICE_FAMILY = "1,2";
				TEST_HOST = "$(BUILT_PRODUCTS_DIR)/myDemo.app/$(BUNDLE_EXECUTABLE_FOLDER_PATH)/myDemo";
			};
			name = Release;
		};
		2C4183622DDB37A000418198 /* Debug */ = {
			isa = XCBuildConfiguration;
			baseConfigurationReference = 2609BC20261087EDD96E13E1 /* Pods-myDemo-myDemoUITests.debug.xcconfig */;
			buildSettings = {
				CODE_SIGN_STYLE = Automatic;
				CURRENT_PROJECT_VERSION = 1;
				DEVELOPMENT_TEAM = 6UPWNA6U93;
				GENERATE_INFOPLIST_FILE = YES;
				MARKETING_VERSION = 1.0;
				PRODUCT_BUNDLE_IDENTIFIER = com.wjz.myDemoUITests;
				PRODUCT_NAME = "$(TARGET_NAME)";
				SWIFT_EMIT_LOC_STRINGS = NO;
				TARGETED_DEVICE_FAMILY = "1,2";
				TEST_TARGET_NAME = myDemo;
			};
			name = Debug;
		};
		2C4183632DDB37A000418198 /* Release */ = {
			isa = XCBuildConfiguration;
			baseConfigurationReference = AB21780A81CD2EC88723CB8D /* Pods-myDemo-myDemoUITests.release.xcconfig */;
			buildSettings = {
				CODE_SIGN_STYLE = Automatic;
				CURRENT_PROJECT_VERSION = 1;
				DEVELOPMENT_TEAM = 6UPWNA6U93;
				GENERATE_INFOPLIST_FILE = YES;
				MARKETING_VERSION = 1.0;
				PRODUCT_BUNDLE_IDENTIFIER = com.wjz.myDemoUITests;
				PRODUCT_NAME = "$(TARGET_NAME)";
				SWIFT_EMIT_LOC_STRINGS = NO;
				TARGETED_DEVICE_FAMILY = "1,2";
				TEST_TARGET_NAME = myDemo;
			};
			name = Release;
		};
/* End XCBuildConfiguration section */

/* Begin XCConfigurationList section */
		2C4183232DDB379E00418198 /* Build configuration list for PBXProject "myDemo" */ = {
			isa = XCConfigurationList;
			buildConfigurations = (
				2C41835C2DDB37A000418198 /* Debug */,
				2C41835D2DDB37A000418198 /* Release */,
			);
			defaultConfigurationIsVisible = 0;
			defaultConfigurationName = Release;
		};
		2C4183592DDB37A000418198 /* Build configuration list for PBXNativeTarget "myDemo" */ = {
			isa = XCConfigurationList;
			buildConfigurations = (
				2C41835A2DDB37A000418198 /* Debug */,
				2C41835B2DDB37A000418198 /* Release */,
			);
			defaultConfigurationIsVisible = 0;
			defaultConfigurationName = Release;
		};
		2C41835E2DDB37A000418198 /* Build configuration list for PBXNativeTarget "myDemoTests" */ = {
			isa = XCConfigurationList;
			buildConfigurations = (
				2C41835F2DDB37A000418198 /* Debug */,
				2C4183602DDB37A000418198 /* Release */,
			);
			defaultConfigurationIsVisible = 0;
			defaultConfigurationName = Release;
		};
		2C4183612DDB37A000418198 /* Build configuration list for PBXNativeTarget "myDemoUITests" */ = {
			isa = XCConfigurationList;
			buildConfigurations = (
				2C4183622DDB37A000418198 /* Debug */,
				2C4183632DDB37A000418198 /* Release */,
			);
			defaultConfigurationIsVisible = 0;
			defaultConfigurationName = Release;
		};
/* End XCConfigurationList section */
	};
	rootObject = 2C4183202DDB379E00418198 /* Project object */;
}
